
Microsoft Visual Studio Solution File, Format Version 12.00
# Visual Studio Version 17
VisualStudioVersion = 17.2.32616.157
MinimumVisualStudioVersion = 10.0.40219.1
Project("{FAE04EC0-301F-11D3-BF4B-00C04F79EFBC}") = "dotnet-api", "dotnet-api.csproj", "{350BD6D8-28F7-48CB-B6B6-3508EAF6588D}"
EndProject
Global
	GlobalSection(SolutionConfigurationPlatforms) = preSolution
		Debug|Any CPU = Debug|Any CPU
		Release|Any CPU = Release|Any CPU
	EndGlobalSection
	GlobalSection(ProjectConfigurationPlatforms) = postSolution
		{350BD6D8-28F7-48CB-B6B6-3508EAF6588D}.Debug|Any CPU.ActiveCfg = Debug|Any CPU
		{350BD6D8-28F7-48CB-B6B6-3508EAF6588D}.Debug|Any CPU.Build.0 = Debug|Any CPU
		{350BD6D8-28F7-48CB-B6B6-3508EAF6588D}.Release|Any CPU.ActiveCfg = Release|Any CPU
		{350BD6D8-28F7-48CB-B6B6-3508EAF6588D}.Release|Any CPU.Build.0 = Release|Any CPU
	EndGlobalSection
	GlobalSection(SolutionProperties) = preSolution
		HideSolutionNode = FALSE
	EndGlobalSection
	GlobalSection(ExtensibilityGlobals) = postSolution
		SolutionGuid = {A86F0185-5871-47B6-A228-3D8CC6DB2AA5}
	EndGlobalSection
EndGlobal
